
Microsoft Visual Studio Solution File, Format Version 12.00
# Visual Studio 15
VisualStudioVersion = 15.0.27004.2002
MinimumVisualStudioVersion = 10.0.40219.1
Project("{FAE04EC0-301F-11D3-BF4B-00C04F79EFBC}") = "Chat", "Chat\Chat.csproj", "{3D6FC7CF-178B-4047-9D24-54D4747CC04A}"
EndProject
Project("{FAE04EC0-301F-11D3-BF4B-00C04F79EFBC}") = "Login", "Login\Login.csproj", "{C46EA14E-D389-43F4-B781-954C91727DF7}"
EndProject
Project("{FAE04EC0-301F-11D3-BF4B-00C04F79EFBC}") = "RoomSystem", "RoomSystem\RoomSystem.csproj", "{29C1B09D-E0F8-43FC-B3BF-EBD2757BFB0B}"
EndProject
Project("{FAE04EC0-301F-11D3-BF4B-00C04F79EFBC}") = "Database", "Database\Database.csproj", "{4FDD81D8-0C7C-422A-A853-9491A43A0BCE}"
EndProject
Project("{FAE04EC0-301F-11D3-BF4B-00C04F79EFBC}") = "MongoDbConnector", "MongoDbConnector\MongoDbConnector.csproj", "{72930B48-493F-4974-BCA8-D54F98B29FE8}"
EndProject
Global
	GlobalSection(SolutionConfigurationPlatforms) = preSolution
		Debug|Any CPU = Debug|Any CPU
		Release|Any CPU = Release|Any CPU
	EndGlobalSection
	GlobalSection(ProjectConfigurationPlatforms) = postSolution
		{3D6FC7CF-178B-4047-9D24-54D4747CC04A}.Debug|Any CPU.ActiveCfg = Debug|Any CPU
		{3D6FC7CF-178B-4047-9D24-54D4747CC04A}.Debug|Any CPU.Build.0 = Debug|Any CPU
		{3D6FC7CF-178B-4047-9D24-54D4747CC04A}.Release|Any CPU.ActiveCfg = Release|Any CPU
		{3D6FC7CF-178B-4047-9D24-54D4747CC04A}.Release|Any CPU.Build.0 = Release|Any CPU
		{C46EA14E-D389-43F4-B781-954C91727DF7}.Debug|Any CPU.ActiveCfg = Debug|Any CPU
		{C46EA14E-D389-43F4-B781-954C91727DF7}.Debug|Any CPU.Build.0 = Debug|Any CPU
		{C46EA14E-D389-43F4-B781-954C91727DF7}.Release|Any CPU.ActiveCfg = Release|Any CPU
		{C46EA14E-D389-43F4-B781-954C91727DF7}.Release|Any CPU.Build.0 = Release|Any CPU
		{29C1B09D-E0F8-43FC-B3BF-EBD2757BFB0B}.Debug|Any CPU.ActiveCfg = Debug|Any CPU
		{29C1B09D-E0F8-43FC-B3BF-EBD2757BFB0B}.Debug|Any CPU.Build.0 = Debug|Any CPU
		{29C1B09D-E0F8-43FC-B3BF-EBD2757BFB0B}.Release|Any CPU.ActiveCfg = Release|Any CPU
		{29C1B09D-E0F8-43FC-B3BF-EBD2757BFB0B}.Release|Any CPU.Build.0 = Release|Any CPU
		{4FDD81D8-0C7C-422A-A853-9491A43A0BCE}.Debug|Any CPU.ActiveCfg = Debug|Any CPU
		{4FDD81D8-0C7C-422A-A853-9491A43A0BCE}.Debug|Any CPU.Build.0 = Debug|Any CPU
		{4FDD81D8-0C7C-422A-A853-9491A43A0BCE}.Release|Any CPU.ActiveCfg = Release|Any CPU
		{4FDD81D8-0C7C-422A-A853-9491A43A0BCE}.Release|Any CPU.Build.0 = Release|Any CPU
		{72930B48-493F-4974-BCA8-D54F98B29FE8}.Debug|Any CPU.ActiveCfg = Debug|Any CPU
		{72930B48-493F-4974-BCA8-D54F98B29FE8}.Debug|Any CPU.Build.0 = Debug|Any CPU
		{72930B48-493F-4974-BCA8-D54F98B29FE8}.Release|Any CPU.ActiveCfg = Release|Any CPU
		{72930B48-493F-4974-BCA8-D54F98B29FE8}.Release|Any CPU.Build.0 = Release|Any CPU
	EndGlobalSection
	GlobalSection(SolutionProperties) = preSolution
		HideSolutionNode = FALSE
	EndGlobalSection
	GlobalSection(ExtensibilityGlobals) = postSolution
		SolutionGuid = {3F7C874B-E99A-474F-9F77-270AE6DB9E45}
	EndGlobalSection
EndGlobal
